
Microsoft Visual Studio Solution File, Format Version 12.00
# Visual Studio Version 17
VisualStudioVersion = 17.0.31903.59
MinimumVisualStudioVersion = 10.0.40219.1
Project("{FAE04EC0-301F-11D3-BF4B-00C04F79EFBC}") = "XYZ", "XYZ\XYZ.csproj", "{F7E3A341-2901-4988-B7D5-1B9759150F2E}"
EndProject
Global
	GlobalSection(SolutionConfigurationPlatforms) = preSolution
		Debug|Any CPU = Debug|Any CPU
		Release|Any CPU = Release|Any CPU
	EndGlobalSection
	GlobalSection(ProjectConfigurationPlatforms) = postSolution
		{F7E3A341-2901-4988-B7D5-1B9759150F2E}.Debug|Any CPU.ActiveCfg = Debug|Any CPU
		{F7E3A341-2901-4988-B7D5-1B9759150F2E}.Debug|Any CPU.Build.0 = Debug|Any CPU
		{F7E3A341-2901-4988-B7D5-1B9759150F2E}.Release|Any CPU.ActiveCfg = Release|Any CPU
		{F7E3A341-2901-4988-B7D5-1B9759150F2E}.Release|Any CPU.Build.0 = Release|Any CPU
	EndGlobalSection
	GlobalSection(SolutionProperties) = preSolution
		HideSolutionNode = FALSE
	EndGlobalSection
	GlobalSection(ExtensibilityGlobals) = postSolution
		SolutionGuid = {351EE3C6-BB8F-4DC9-A6CB-2F75981CA84B}
	EndGlobalSection
EndGlobal
